
Microsoft Visual Studio Solution File, Format Version 12.00
# Visual Studio 14
VisualStudioVersion = 14.0.22823.1
MinimumVisualStudioVersion = 10.0.40219.1
Project("{FAE04EC0-301F-11D3-BF4B-00C04F79EFBC}") = "JustCause2VehicleExplode", "JustCause2VehicleExplode\JustCause2VehicleExplode.csproj", "{A2204AAB-2D77-4150-B46D-EBF2C1E98D09}"
EndProject
Global
	GlobalSection(SolutionConfigurationPlatforms) = preSolution
		Debug|Any CPU = Debug|Any CPU
		Release|Any CPU = Release|Any CPU
	EndGlobalSection
	GlobalSection(ProjectConfigurationPlatforms) = postSolution
		{A2204AAB-2D77-4150-B46D-EBF2C1E98D09}.Debug|Any CPU.ActiveCfg = Debug|Any CPU
		{A2204AAB-2D77-4150-B46D-EBF2C1E98D09}.Debug|Any CPU.Build.0 = Debug|Any CPU
		{A2204AAB-2D77-4150-B46D-EBF2C1E98D09}.Release|Any CPU.ActiveCfg = Release|Any CPU
		{A2204AAB-2D77-4150-B46D-EBF2C1E98D09}.Release|Any CPU.Build.0 = Release|Any CPU
	EndGlobalSection
	GlobalSection(SolutionProperties) = preSolution
		HideSolutionNode = FALSE
	EndGlobalSection
EndGlobal
